
Microsoft Visual Studio Solution File, Format Version 12.00
# Visual Studio Version 16
VisualStudioVersion = 16.0.32002.261
MinimumVisualStudioVersion = 10.0.40219.1
Project("{FAE04EC0-301F-11D3-BF4B-00C04F79EFBC}") = "torrentdownloader", "torrentdownloader\torrentdownloader.csproj", "{01991A86-7889-4504-94C9-CC9FB556E557}"
EndProject
Project("{FAE04EC0-301F-11D3-BF4B-00C04F79EFBC}") = "DebugApp", "DebugApp\DebugApp.csproj", "{D7DC38A8-B68F-4721-8731-F358A1E9786C}"
EndProject
Global
	GlobalSection(SolutionConfigurationPlatforms) = preSolution
		Debug|Any CPU = Debug|Any CPU
		Release|Any CPU = Release|Any CPU
	EndGlobalSection
	GlobalSection(ProjectConfigurationPlatforms) = postSolution
		{01991A86-7889-4504-94C9-CC9FB556E557}.Debug|Any CPU.ActiveCfg = Debug|Any CPU
		{01991A86-7889-4504-94C9-CC9FB556E557}.Debug|Any CPU.Build.0 = Debug|Any CPU
		{01991A86-7889-4504-94C9-CC9FB556E557}.Release|Any CPU.ActiveCfg = Release|Any CPU
		{01991A86-7889-4504-94C9-CC9FB556E557}.Release|Any CPU.Build.0 = Release|Any CPU
		{D7DC38A8-B68F-4721-8731-F358A1E9786C}.Debug|Any CPU.ActiveCfg = Debug|Any CPU
		{D7DC38A8-B68F-4721-8731-F358A1E9786C}.Debug|Any CPU.Build.0 = Debug|Any CPU
		{D7DC38A8-B68F-4721-8731-F358A1E9786C}.Release|Any CPU.ActiveCfg = Release|Any CPU
		{D7DC38A8-B68F-4721-8731-F358A1E9786C}.Release|Any CPU.Build.0 = Release|Any CPU
	EndGlobalSection
	GlobalSection(SolutionProperties) = preSolution
		HideSolutionNode = FALSE
	EndGlobalSection
	GlobalSection(ExtensibilityGlobals) = postSolution
		SolutionGuid = {51CA6BB4-38C8-448B-A519-E733A1620118}
	EndGlobalSection
EndGlobal
